{
  "version": 4,
  "terraform_version": "1.8.2",
  "serial": 484,
  "lineage": "80a8113d-7a98-029b-326e-0d5f9b3342e3",
  "outputs": {
    "endpoint": {
      "value": "https://0ABDD62AB0CC8DD9167709ECD260ADC1.sk1.us-east-1.eks.amazonaws.com",
      "type": "string"
    },
    "identity-oidc-issuer": {
      "value": "https://oidc.eks.us-east-1.amazonaws.com/id/0ABDD62AB0CC8DD9167709ECD260ADC1",
      "type": "string"
    },
    "kubeconfig-certificate-authority-data": {
      "value": "LS0tLS1CRUdJTiBDRVJUSUZJQ0FURS0tLS0tCk1JSURCVENDQWUyZ0F3SUJBZ0lJQnMxQmdqbXFTV293RFFZSktvWklodmNOQVFFTEJRQXdGVEVUTUJFR0ExVUUKQXhNS2EzVmlaWEp1WlhSbGN6QWVGdzB5TkRBMU1qUXdOek13TXpGYUZ3MHpOREExTWpJd056TTFNekZhTUJVeApFekFSQmdOVkJBTVRDbXQxWW1WeWJtVjBaWE13Z2dFaU1BMEdDU3FHU0liM0RRRUJBUVVBQTRJQkR3QXdnZ0VLCkFvSUJBUURMM0lOblZSYTNQZHR3NVZDVmRkYms3ZVVkN0crT0ZpNDc1U3ZxdllMOWZaTnNFNUVXd09NZ1pKVVcKQkRtMU5ja1RYNWFpaUFEUEdMSlNRNWlocjNSQTk5RVJxaDQyQ3lvOVdTaWRaSFgvK1BrUks2eXV0MmNuWUFOeQpUY08wZUxRenVhLzhSTk5KWDdteHdyellnV2Y0SGVwZjV2NWZiN0RKVEY1Vi9XUTN6c0dZT1VmdjExN0Z5cTYwCjEwRGZFd042UStFSEZKNkt1UkZudm5CTE5ubnBQOTF3TGlvdVdzSDVVWnFwS2dDTHVFWHZxb3BCeDFDSzBucDYKMVRMcUN0V3FlUXB0MllTcDFMSXlYcG83WTJoUkNSSzZzbmlSR05kSDJLNmlVTFNmRUlCM202eXB1WkRxL3BuRwpQSk9RdE1sN21idFB4elo1ak9qalJZNHFqSkw1QWdNQkFBR2pXVEJYTUE0R0ExVWREd0VCL3dRRUF3SUNwREFQCkJnTlZIUk1CQWY4RUJUQURBUUgvTUIwR0ExVWREZ1FXQkJUamd6M0d6RDhLSUJTVkxlN3NiUTZ4bFlEb2tEQVYKQmdOVkhSRUVEakFNZ2dwcmRXSmxjbTVsZEdWek1BMEdDU3FHU0liM0RRRUJDd1VBQTRJQkFRQUZzYkphT1lJZgpMbS96ZmJyQW10TkExTDlHaHV3eUdGZ3p1eFI2V3lBM3I5YXV5anIwMWtaMm9UTE1vb0FWN0FtWmNZazZCMnVCCnJWdVQ4S1daSXZMcFZUNk5EMUNrM2IyWlo4Vjd1WHVDMGpISWZxVXdBZEF4am1sQnBjWWhKY0RiM0pjTFNEYnIKeE5HUDZOK1hITHJwZEU5dDVOZHB6YnZtdlNVb1pNTld6NVRaSWV0ZmxUZ0pXUDJJSXVsbWFoaWZNSm04TWphWgpLN3R0bWJxa1VPZlFxWmVMdHZnTnJZQlJFOXZGWnhPelZBaXQrSnAvY2hXWTJ3dTZxQjhPWnFIQU1EL3Fzcm90CkJTZm9MbGFCdFptaW5tMjRWNURKRzJSQ1RGU25mTUd5NzVsZFgxSWxLOCtHUG5GRFFvKzBqUEFxS1d5M3VMMFoKd2FQNWUxYnlwYzg0Ci0tLS0tRU5EIENFUlRJRklDQVRFLS0tLS0K",
      "type": "string"
    }
  },
  "resources": [
    {
      "mode": "data",
      "type": "aws_availability_zones",
      "name": "available",
      "provider": "provider[\"registry.terraform.io/hashicorp/aws\"]",
      "instances": [
        {
          "schema_version": 0,
          "attributes": {
            "all_availability_zones": null,
            "exclude_names": null,
            "exclude_zone_ids": null,
            "filter": null,
            "group_names": [
              "us-east-1"
            ],
            "id": "us-east-1",
            "names": [
              "us-east-1a",
              "us-east-1b",
              "us-east-1c",
              "us-east-1d",
              "us-east-1e",
              "us-east-1f"
            ],
            "state": null,
            "timeouts": null,
            "zone_ids": [
              "use1-az4",
              "use1-az6",
              "use1-az1",
              "use1-az2",
              "use1-az3",
              "use1-az5"
            ]
          },
          "sensitive_attributes": []
        }
      ]
    },
    {
      "mode": "managed",
      "type": "aws_apigatewayv2_api",
      "name": "bmt-prod",
      "provider": "provider[\"registry.terraform.io/hashicorp/aws\"]",
      "instances": [
        {
          "schema_version": 0,
          "attributes": {
            "api_endpoint": "https://9q7s8m7oik.execute-api.us-east-1.amazonaws.com",
            "api_key_selection_expression": "$request.header.x-api-key",
            "arn": "arn:aws:apigateway:us-east-1::/apis/9q7s8m7oik",
            "body": null,
            "cors_configuration": [],
            "credentials_arn": null,
            "description": "",
            "disable_execute_api_endpoint": false,
            "execution_arn": "arn:aws:execute-api:us-east-1:733724001336:9q7s8m7oik",
            "fail_on_warnings": null,
            "id": "9q7s8m7oik",
            "name": "bmt-prod",
            "protocol_type": "HTTP",
            "route_key": null,
            "route_selection_expression": "$request.method $request.path",
            "tags": {},
            "tags_all": {},
            "target": null,
            "version": ""
          },
          "sensitive_attributes": [],
          "private": "bnVsbA=="
        }
      ]
    },
    {
      "mode": "managed",
      "type": "aws_apigatewayv2_api",
      "name": "rat-prod",
      "provider": "provider[\"registry.terraform.io/hashicorp/aws\"]",
      "instances": [
        {
          "schema_version": 0,
          "attributes": {
            "api_endpoint": "https://wvo4514plj.execute-api.us-east-1.amazonaws.com",
            "api_key_selection_expression": "$request.header.x-api-key",
            "arn": "arn:aws:apigateway:us-east-1::/apis/wvo4514plj",
            "body": null,
            "cors_configuration": [],
            "credentials_arn": null,
            "description": "",
            "disable_execute_api_endpoint": false,
            "execution_arn": "arn:aws:execute-api:us-east-1:733724001336:wvo4514plj",
            "fail_on_warnings": null,
            "id": "wvo4514plj",
            "name": "rat-prod",
            "protocol_type": "HTTP",
            "route_key": null,
            "route_selection_expression": "$request.method $request.path",
            "tags": {},
            "tags_all": {},
            "target": null,
            "version": ""
          },
          "sensitive_attributes": [],
          "private": "bnVsbA=="
        }
      ]
    },
    {
      "mode": "managed",
      "type": "aws_apigatewayv2_route",
      "name": "bmt-route",
      "provider": "provider[\"registry.terraform.io/hashicorp/aws\"]",
      "instances": [
        {
          "schema_version": 0,
          "attributes": {
            "api_id": "9q7s8m7oik",
            "api_key_required": false,
            "authorization_scopes": [],
            "authorization_type": "NONE",
            "authorizer_id": "",
            "id": "6uka4nn",
            "model_selection_expression": "",
            "operation_name": "",
            "request_models": {},
            "request_parameter": [],
            "route_key": "ANY /{proxy+}",
            "route_response_selection_expression": "",
            "target": ""
          },
          "sensitive_attributes": [],
          "private": "bnVsbA==",
          "dependencies": [
            "aws_apigatewayv2_api.bmt-prod"
          ]
        }
      ]
    },
    {
      "mode": "managed",
      "type": "aws_apigatewayv2_route",
      "name": "rat-route",
      "provider": "provider[\"registry.terraform.io/hashicorp/aws\"]",
      "instances": [
        {
          "schema_version": 0,
          "attributes": {
            "api_id": "wvo4514plj",
            "api_key_required": false,
            "authorization_scopes": [],
            "authorization_type": "NONE",
            "authorizer_id": "",
            "id": "r5t00ie",
            "model_selection_expression": "",
            "operation_name": "",
            "request_models": {},
            "request_parameter": [],
            "route_key": "ANY /{proxy+}",
            "route_response_selection_expression": "",
            "target": ""
          },
          "sensitive_attributes": [],
          "private": "bnVsbA==",
          "dependencies": [
            "aws_apigatewayv2_api.rat-prod"
          ]
        }
      ]
    },
    {
      "mode": "managed",
      "type": "aws_apigatewayv2_stage",
      "name": "bmt-ApiGatewayV2Stage",
      "provider": "provider[\"registry.terraform.io/hashicorp/aws\"]",
      "instances": [
        {
          "schema_version": 0,
          "attributes": {
            "access_log_settings": [],
            "api_id": "9q7s8m7oik",
            "arn": "arn:aws:apigateway:us-east-1::/apis/9q7s8m7oik/stages/$default",
            "auto_deploy": true,
            "client_certificate_id": "",
            "default_route_settings": [
              {
                "data_trace_enabled": false,
                "detailed_metrics_enabled": false,
                "logging_level": "",
                "throttling_burst_limit": 0,
                "throttling_rate_limit": 0
              }
            ],
            "deployment_id": "",
            "description": "",
            "execution_arn": "arn:aws:execute-api:us-east-1:733724001336:9q7s8m7oik/$default",
            "id": "$default",
            "invoke_url": "https://9q7s8m7oik.execute-api.us-east-1.amazonaws.com/",
            "name": "$default",
            "route_settings": [],
            "stage_variables": {},
            "tags": {},
            "tags_all": {}
          },
          "sensitive_attributes": [],
          "private": "bnVsbA==",
          "dependencies": [
            "aws_apigatewayv2_api.bmt-prod"
          ]
        }
      ]
    },
    {
      "mode": "managed",
      "type": "aws_apigatewayv2_stage",
      "name": "rat-ApiGatewayV2Stage",
      "provider": "provider[\"registry.terraform.io/hashicorp/aws\"]",
      "instances": [
        {
          "schema_version": 0,
          "attributes": {
            "access_log_settings": [],
            "api_id": "wvo4514plj",
            "arn": "arn:aws:apigateway:us-east-1::/apis/wvo4514plj/stages/$default",
            "auto_deploy": true,
            "client_certificate_id": "",
            "default_route_settings": [
              {
                "data_trace_enabled": false,
                "detailed_metrics_enabled": false,
                "logging_level": "",
                "throttling_burst_limit": 0,
                "throttling_rate_limit": 0
              }
            ],
            "deployment_id": "",
            "description": "",
            "execution_arn": "arn:aws:execute-api:us-east-1:733724001336:wvo4514plj/$default",
            "id": "$default",
            "invoke_url": "https://wvo4514plj.execute-api.us-east-1.amazonaws.com/",
            "name": "$default",
            "route_settings": [],
            "stage_variables": {},
            "tags": {},
            "tags_all": {}
          },
          "sensitive_attributes": [],
          "private": "bnVsbA==",
          "dependencies": [
            "aws_apigatewayv2_api.rat-prod"
          ]
        }
      ]
    },
    {
      "mode": "managed",
      "type": "aws_apigatewayv2_vpc_link",
      "name": "bmt-rat-vpc-link",
      "provider": "provider[\"registry.terraform.io/hashicorp/aws\"]",
      "instances": [
        {
          "schema_version": 0,
          "attributes": {
            "arn": "arn:aws:apigateway:us-east-1::/vpclinks/8mh8i3",
            "id": "8mh8i3",
            "name": "bmt-rat-vpc-link",
            "security_group_ids": [
              "sg-086f675b0dffe989d"
            ],
            "subnet_ids": [
              "subnet-089bf82ba76f5c5df",
              "subnet-0978fd09cddac9b93",
              "subnet-097f62c40de3233c5",
              "subnet-0df21e86d98723bc7"
            ],
            "tags": {},
            "tags_all": {}
          },
          "sensitive_attributes": [],
          "private": "bnVsbA==",
          "dependencies": [
            "aws_security_group.ControlPlaneSecurityGroup",
            "aws_subnet.PrivateSubnet01",
            "aws_subnet.PrivateSubnet02",
            "aws_subnet.PublicSubnet01",
            "aws_subnet.PublicSubnet02",
            "aws_vpc.bmt-rat-eks-VPC",
            "data.aws_availability_zones.available"
          ]
        }
      ]
    },
    {
      "mode": "managed",
      "type": "aws_eip",
      "name": "NatGatewayEIP1",
      "provider": "provider[\"registry.terraform.io/hashicorp/aws\"]",
      "instances": [
        {
          "schema_version": 0,
          "attributes": {
            "address": null,
            "allocation_id": "eipalloc-0ad6aa89b1c5fa82d",
            "arn": "arn:aws:ec2:us-east-1:733724001336:elastic-ip/eipalloc-0ad6aa89b1c5fa82d",
            "associate_with_private_ip": null,
            "association_id": "eipassoc-0a72b5827448444ee",
            "carrier_ip": "",
            "customer_owned_ip": "",
            "customer_owned_ipv4_pool": "",
            "domain": "vpc",
            "id": "eipalloc-0ad6aa89b1c5fa82d",
            "instance": "",
            "network_border_group": "us-east-1",
            "network_interface": "eni-0501608a34bb846cb",
            "private_dns": "ip-192-168-55-97.ec2.internal",
            "private_ip": "192.168.55.97",
            "ptr_record": "",
            "public_dns": "ec2-44-209-39-188.compute-1.amazonaws.com",
            "public_ip": "44.209.39.188",
            "public_ipv4_pool": "amazon",
            "tags": {
              "name": "NatGatewayEIP1"
            },
            "tags_all": {
              "name": "NatGatewayEIP1"
            },
            "timeouts": null,
            "vpc": true
          },
          "sensitive_attributes": [],
          "private": "eyJlMmJmYjczMC1lY2FhLTExZTYtOGY4OC0zNDM2M2JjN2M0YzAiOnsiZGVsZXRlIjoxODAwMDAwMDAwMDAsInJlYWQiOjkwMDAwMDAwMDAwMCwidXBkYXRlIjozMDAwMDAwMDAwMDB9fQ=="
        }
      ]
    },
    {
      "mode": "managed",
      "type": "aws_eip",
      "name": "NatGatewayEIP2",
      "provider": "provider[\"registry.terraform.io/hashicorp/aws\"]",
      "instances": [
        {
          "schema_version": 0,
          "attributes": {
            "address": null,
            "allocation_id": "eipalloc-00b6b2207015c9a03",
            "arn": "arn:aws:ec2:us-east-1:733724001336:elastic-ip/eipalloc-00b6b2207015c9a03",
            "associate_with_private_ip": null,
            "association_id": "eipassoc-09ea7c690a10a3096",
            "carrier_ip": "",
            "customer_owned_ip": "",
            "customer_owned_ipv4_pool": "",
            "domain": "vpc",
            "id": "eipalloc-00b6b2207015c9a03",
            "instance": "",
            "network_border_group": "us-east-1",
            "network_interface": "eni-0b38386fa4b8bb547",
            "private_dns": "ip-192-168-98-158.ec2.internal",
            "private_ip": "192.168.98.158",
            "ptr_record": "",
            "public_dns": "ec2-34-225-219-79.compute-1.amazonaws.com",
            "public_ip": "34.225.219.79",
            "public_ipv4_pool": "amazon",
            "tags": {
              "name": "NatGatewayEIP2"
            },
            "tags_all": {
              "name": "NatGatewayEIP2"
            },
            "timeouts": null,
            "vpc": true
          },
          "sensitive_attributes": [],
          "private": "eyJlMmJmYjczMC1lY2FhLTExZTYtOGY4OC0zNDM2M2JjN2M0YzAiOnsiZGVsZXRlIjoxODAwMDAwMDAwMDAsInJlYWQiOjkwMDAwMDAwMDAwMCwidXBkYXRlIjozMDAwMDAwMDAwMDB9fQ=="
        }
      ]
    },
    {
      "mode": "managed",
      "type": "aws_eks_addon",
      "name": "coredns",
      "provider": "provider[\"registry.terraform.io/hashicorp/aws\"]",
      "instances": [
        {
          "schema_version": 0,
          "attributes": {
            "addon_name": "coredns",
            "addon_version": "v1.11.1-eksbuild.4",
            "arn": "arn:aws:eks:us-east-1:733724001336:addon/bmt-rat-eks/coredns/5ac7d4c9-dfbf-4a92-89bf-8cd7111bf223",
            "cluster_name": "bmt-rat-eks",
            "configuration_values": "",
            "created_at": "2024-05-24T07:49:43Z",
            "id": "bmt-rat-eks:coredns",
            "modified_at": "2024-05-24T07:49:56Z",
            "preserve": null,
            "resolve_conflicts": null,
            "resolve_conflicts_on_create": "OVERWRITE",
            "resolve_conflicts_on_update": null,
            "service_account_role_arn": "",
            "tags": {},
            "tags_all": {},
            "timeouts": null
          },
          "sensitive_attributes": [],
          "private": "eyJlMmJmYjczMC1lY2FhLTExZTYtOGY4OC0zNDM2M2JjN2M0YzAiOnsiY3JlYXRlIjoxMjAwMDAwMDAwMDAwLCJkZWxldGUiOjI0MDAwMDAwMDAwMDAsInVwZGF0ZSI6MTIwMDAwMDAwMDAwMH19",
          "dependencies": [
            "aws_eks_cluster.bmt-rat-eks",
            "aws_iam_role.bmtRatEKSClusterRole",
            "aws_security_group.ControlPlaneSecurityGroup",
            "aws_subnet.PrivateSubnet01",
            "aws_subnet.PrivateSubnet02",
            "aws_subnet.PublicSubnet01",
            "aws_subnet.PublicSubnet02",
            "aws_vpc.bmt-rat-eks-VPC",
            "data.aws_availability_zones.available"
          ]
        }
      ]
    },
    {
      "mode": "managed",
      "type": "aws_eks_addon",
      "name": "kube-proxy",
      "provider": "provider[\"registry.terraform.io/hashicorp/aws\"]",
      "instances": [
        {
          "schema_version": 0,
          "attributes": {
            "addon_name": "kube-proxy",
            "addon_version": "v1.29.1-eksbuild.2",
            "arn": "arn:aws:eks:us-east-1:733724001336:addon/bmt-rat-eks/kube-proxy/a2c7d4c9-d8e0-b706-2346-95267fd2e78d",
            "cluster_name": "bmt-rat-eks",
            "configuration_values": "",
            "created_at": "2024-05-24T07:49:40Z",
            "id": "bmt-rat-eks:kube-proxy",
            "modified_at": "2024-05-24T07:50:18Z",
            "preserve": null,
            "resolve_conflicts": null,
            "resolve_conflicts_on_create": null,
            "resolve_conflicts_on_update": null,
            "service_account_role_arn": "",
            "tags": {},
            "tags_all": {},
            "timeouts": null
          },
          "sensitive_attributes": [],
          "private": "eyJlMmJmYjczMC1lY2FhLTExZTYtOGY4OC0zNDM2M2JjN2M0YzAiOnsiY3JlYXRlIjoxMjAwMDAwMDAwMDAwLCJkZWxldGUiOjI0MDAwMDAwMDAwMDAsInVwZGF0ZSI6MTIwMDAwMDAwMDAwMH19",
          "dependencies": [
            "aws_eks_cluster.bmt-rat-eks",
            "aws_iam_role.bmtRatEKSClusterRole",
            "aws_security_group.ControlPlaneSecurityGroup",
            "aws_subnet.PrivateSubnet01",
            "aws_subnet.PrivateSubnet02",
            "aws_subnet.PublicSubnet01",
            "aws_subnet.PublicSubnet02",
            "aws_vpc.bmt-rat-eks-VPC",
            "data.aws_availability_zones.available"
          ]
        }
      ]
    },
    {
      "mode": "managed",
      "type": "aws_eks_addon",
      "name": "vpc-cni",
      "provider": "provider[\"registry.terraform.io/hashicorp/aws\"]",
      "instances": [
        {
          "schema_version": 0,
          "attributes": {
            "addon_name": "vpc-cni",
            "addon_version": "v1.18.1-eksbuild.3",
            "arn": "arn:aws:eks:us-east-1:733724001336:addon/bmt-rat-eks/vpc-cni/40c7d4c5-4371-87dc-af11-16884339504d",
            "cluster_name": "bmt-rat-eks",
            "configuration_values": "",
            "created_at": "2024-05-24T07:39:39Z",
            "id": "bmt-rat-eks:vpc-cni",
            "modified_at": "2024-05-24T07:39:47Z",
            "preserve": null,
            "resolve_conflicts": null,
            "resolve_conflicts_on_create": "OVERWRITE",
            "resolve_conflicts_on_update": null,
            "service_account_role_arn": "",
            "tags": {},
            "tags_all": {},
            "timeouts": null
          },
          "sensitive_attributes": [],
          "private": "eyJlMmJmYjczMC1lY2FhLTExZTYtOGY4OC0zNDM2M2JjN2M0YzAiOnsiY3JlYXRlIjoxMjAwMDAwMDAwMDAwLCJkZWxldGUiOjI0MDAwMDAwMDAwMDAsInVwZGF0ZSI6MTIwMDAwMDAwMDAwMH19",
          "dependencies": [
            "aws_eks_cluster.bmt-rat-eks",
            "aws_iam_role.bmtRatEKSClusterRole",
            "aws_security_group.ControlPlaneSecurityGroup",
            "aws_subnet.PrivateSubnet01",
            "aws_subnet.PrivateSubnet02",
            "aws_subnet.PublicSubnet01",
            "aws_subnet.PublicSubnet02",
            "aws_vpc.bmt-rat-eks-VPC",
            "data.aws_availability_zones.available"
          ]
        }
      ]
    },
    {
      "mode": "managed",
      "type": "aws_eks_cluster",
      "name": "bmt-rat-eks",
      "provider": "provider[\"registry.terraform.io/hashicorp/aws\"]",
      "instances": [
        {
          "schema_version": 0,
          "attributes": {
            "access_config": [
              {
                "authentication_mode": "CONFIG_MAP",
                "bootstrap_cluster_creator_admin_permissions": false
              }
            ],
            "arn": "arn:aws:eks:us-east-1:733724001336:cluster/bmt-rat-eks",
            "certificate_authority": [
              {
                "data": "LS0tLS1CRUdJTiBDRVJUSUZJQ0FURS0tLS0tCk1JSURCVENDQWUyZ0F3SUJBZ0lJQnMxQmdqbXFTV293RFFZSktvWklodmNOQVFFTEJRQXdGVEVUTUJFR0ExVUUKQXhNS2EzVmlaWEp1WlhSbGN6QWVGdzB5TkRBMU1qUXdOek13TXpGYUZ3MHpOREExTWpJd056TTFNekZhTUJVeApFekFSQmdOVkJBTVRDbXQxWW1WeWJtVjBaWE13Z2dFaU1BMEdDU3FHU0liM0RRRUJBUVVBQTRJQkR3QXdnZ0VLCkFvSUJBUURMM0lOblZSYTNQZHR3NVZDVmRkYms3ZVVkN0crT0ZpNDc1U3ZxdllMOWZaTnNFNUVXd09NZ1pKVVcKQkRtMU5ja1RYNWFpaUFEUEdMSlNRNWlocjNSQTk5RVJxaDQyQ3lvOVdTaWRaSFgvK1BrUks2eXV0MmNuWUFOeQpUY08wZUxRenVhLzhSTk5KWDdteHdyellnV2Y0SGVwZjV2NWZiN0RKVEY1Vi9XUTN6c0dZT1VmdjExN0Z5cTYwCjEwRGZFd042UStFSEZKNkt1UkZudm5CTE5ubnBQOTF3TGlvdVdzSDVVWnFwS2dDTHVFWHZxb3BCeDFDSzBucDYKMVRMcUN0V3FlUXB0MllTcDFMSXlYcG83WTJoUkNSSzZzbmlSR05kSDJLNmlVTFNmRUlCM202eXB1WkRxL3BuRwpQSk9RdE1sN21idFB4elo1ak9qalJZNHFqSkw1QWdNQkFBR2pXVEJYTUE0R0ExVWREd0VCL3dRRUF3SUNwREFQCkJnTlZIUk1CQWY4RUJUQURBUUgvTUIwR0ExVWREZ1FXQkJUamd6M0d6RDhLSUJTVkxlN3NiUTZ4bFlEb2tEQVYKQmdOVkhSRUVEakFNZ2dwcmRXSmxjbTVsZEdWek1BMEdDU3FHU0liM0RRRUJDd1VBQTRJQkFRQUZzYkphT1lJZgpMbS96ZmJyQW10TkExTDlHaHV3eUdGZ3p1eFI2V3lBM3I5YXV5anIwMWtaMm9UTE1vb0FWN0FtWmNZazZCMnVCCnJWdVQ4S1daSXZMcFZUNk5EMUNrM2IyWlo4Vjd1WHVDMGpISWZxVXdBZEF4am1sQnBjWWhKY0RiM0pjTFNEYnIKeE5HUDZOK1hITHJwZEU5dDVOZHB6YnZtdlNVb1pNTld6NVRaSWV0ZmxUZ0pXUDJJSXVsbWFoaWZNSm04TWphWgpLN3R0bWJxa1VPZlFxWmVMdHZnTnJZQlJFOXZGWnhPelZBaXQrSnAvY2hXWTJ3dTZxQjhPWnFIQU1EL3Fzcm90CkJTZm9MbGFCdFptaW5tMjRWNURKRzJSQ1RGU25mTUd5NzVsZFgxSWxLOCtHUG5GRFFvKzBqUEFxS1d5M3VMMFoKd2FQNWUxYnlwYzg0Ci0tLS0tRU5EIENFUlRJRklDQVRFLS0tLS0K"
              }
            ],
            "cluster_id": null,
            "created_at": "2024-05-24 07:30:40.815 +0000 UTC",
            "enabled_cluster_log_types": [
              "api",
              "audit",
              "authenticator",
              "controllerManager",
              "scheduler"
            ],
            "encryption_config": [],
            "endpoint": "https://0ABDD62AB0CC8DD9167709ECD260ADC1.sk1.us-east-1.eks.amazonaws.com",
            "id": "bmt-rat-eks",
            "identity": [
              {
                "oidc": [
                  {
                    "issuer": "https://oidc.eks.us-east-1.amazonaws.com/id/0ABDD62AB0CC8DD9167709ECD260ADC1"
                  }
                ]
              }
            ],
            "kubernetes_network_config": [
              {
                "ip_family": "ipv4",
                "service_ipv4_cidr": "10.100.0.0/16",
                "service_ipv6_cidr": ""
              }
            ],
            "name": "bmt-rat-eks",
            "outpost_config": [],
            "platform_version": "eks.7",
            "role_arn": "arn:aws:iam::733724001336:role/bmtRatEKSClusterRole",
            "status": "ACTIVE",
            "tags": {},
            "tags_all": {},
            "timeouts": null,
            "version": "1.29",
            "vpc_config": [
              {
                "cluster_security_group_id": "sg-05bf5b0bf72b8e89e",
                "endpoint_private_access": false,
                "endpoint_public_access": true,
                "public_access_cidrs": [
                  "0.0.0.0/0"
                ],
                "security_group_ids": [
                  "sg-086f675b0dffe989d"
                ],
                "subnet_ids": [
                  "subnet-089bf82ba76f5c5df",
                  "subnet-0978fd09cddac9b93",
                  "subnet-097f62c40de3233c5",
                  "subnet-0df21e86d98723bc7"
                ],
                "vpc_id": "vpc-09801b59a766972c7"
              }
            ]
          },
          "sensitive_attributes": [],
          "private": "eyJlMmJmYjczMC1lY2FhLTExZTYtOGY4OC0zNDM2M2JjN2M0YzAiOnsiY3JlYXRlIjoxODAwMDAwMDAwMDAwLCJkZWxldGUiOjkwMDAwMDAwMDAwMCwidXBkYXRlIjozNjAwMDAwMDAwMDAwfX0=",
          "dependencies": [
            "aws_iam_role.bmtRatEKSClusterRole",
            "aws_security_group.ControlPlaneSecurityGroup",
            "aws_subnet.PrivateSubnet01",
            "aws_subnet.PrivateSubnet02",
            "aws_subnet.PublicSubnet01",
            "aws_subnet.PublicSubnet02",
            "aws_vpc.bmt-rat-eks-VPC",
            "data.aws_availability_zones.available"
          ],
          "create_before_destroy": true
        }
      ]
    },
    {
      "mode": "managed",
      "type": "aws_eks_node_group",
      "name": "EKSNodegroup1",
      "provider": "provider[\"registry.terraform.io/hashicorp/aws\"]",
      "instances": [
        {
          "schema_version": 0,
          "attributes": {
            "ami_type": "CUSTOM",
            "arn": "arn:aws:eks:us-east-1:733724001336:nodegroup/bmt-rat-eks/bmt-ng-eks/94c7d4c5-49a4-9aa7-0191-0d3b06d6dc89",
            "capacity_type": "ON_DEMAND",
            "cluster_name": "bmt-rat-eks",
            "disk_size": 0,
            "force_update_version": null,
            "id": "bmt-rat-eks:bmt-ng-eks",
            "instance_types": [],
            "labels": {},
            "launch_template": [
              {
                "id": "lt-0321c261f00e23edc",
                "name": "bmt-rat-eks-node-launch-template",
                "version": "1"
              }
            ],
            "node_group_name": "bmt-ng-eks",
            "node_group_name_prefix": "",
            "node_role_arn": "arn:aws:iam::733724001336:role/AmazonEKSNodeRole",
            "release_version": "ami-0e87fae068ae8d4e0",
            "remote_access": [],
            "resources": [
              {
                "autoscaling_groups": [
                  {
                    "name": "eks-bmt-ng-eks-94c7d4c5-49a4-9aa7-0191-0d3b06d6dc89"
                  }
                ],
                "remote_access_security_group_id": ""
              }
            ],
            "scaling_config": [
              {
                "desired_size": 1,
                "max_size": 1,
                "min_size": 1
              }
            ],
            "status": "ACTIVE",
            "subnet_ids": [
              "subnet-0978fd09cddac9b93",
              "subnet-0df21e86d98723bc7"
            ],
            "tags": {
              "key": "kubernetes.io/cluster/bmt-rat-eks",
              "value": "owned"
            },
            "tags_all": {
              "key": "kubernetes.io/cluster/bmt-rat-eks",
              "value": "owned"
            },
            "taint": [],
            "timeouts": null,
            "update_config": [
              {
                "max_unavailable": 1,
                "max_unavailable_percentage": 0
              }
            ],
            "version": "1.29"
          },
          "sensitive_attributes": [],
          "private": "eyJlMmJmYjczMC1lY2FhLTExZTYtOGY4OC0zNDM2M2JjN2M0YzAiOnsiY3JlYXRlIjozNjAwMDAwMDAwMDAwLCJkZWxldGUiOjM2MDAwMDAwMDAwMDAsInVwZGF0ZSI6MzYwMDAwMDAwMDAwMH19",
          "dependencies": [
            "aws_eks_cluster.bmt-rat-eks",
            "aws_iam_role.EKSWorkerNodeRole",
            "aws_iam_role.bmtRatEKSClusterRole",
            "aws_launch_template.EKSWorkerNodeLaunchTemplateCiscoAMI",
            "aws_security_group.ControlPlaneSecurityGroup",
            "aws_subnet.PrivateSubnet01",
            "aws_subnet.PrivateSubnet02",
            "aws_subnet.PublicSubnet01",
            "aws_subnet.PublicSubnet02",
            "aws_vpc.bmt-rat-eks-VPC",
            "data.aws_availability_zones.available"
          ]
        }
      ]
    },
    {
      "mode": "managed",
      "type": "aws_eks_node_group",
      "name": "EKSNodegroup2",
      "provider": "provider[\"registry.terraform.io/hashicorp/aws\"]",
      "instances": [
        {
          "schema_version": 0,
          "attributes": {
            "ami_type": "CUSTOM",
            "arn": "arn:aws:eks:us-east-1:733724001336:nodegroup/bmt-rat-eks/RAT-ng-eks/78c7d4c6-615f-1319-a598-c68a83efad1e",
            "capacity_type": "ON_DEMAND",
            "cluster_name": "bmt-rat-eks",
            "disk_size": 0,
            "force_update_version": null,
            "id": "bmt-rat-eks:RAT-ng-eks",
            "instance_types": [],
            "labels": {},
            "launch_template": [
              {
                "id": "lt-0321c261f00e23edc",
                "name": "bmt-rat-eks-node-launch-template",
                "version": "1"
              }
            ],
            "node_group_name": "RAT-ng-eks",
            "node_group_name_prefix": "",
            "node_role_arn": "arn:aws:iam::733724001336:role/AmazonEKSNodeRole",
            "release_version": "ami-0e87fae068ae8d4e0",
            "remote_access": [],
            "resources": [
              {
                "autoscaling_groups": [
                  {
                    "name": "eks-RAT-ng-eks-78c7d4c6-615f-1319-a598-c68a83efad1e"
                  }
                ],
                "remote_access_security_group_id": ""
              }
            ],
            "scaling_config": [
              {
                "desired_size": 1,
                "max_size": 1,
                "min_size": 1
              }
            ],
            "status": "ACTIVE",
            "subnet_ids": [
              "subnet-0978fd09cddac9b93",
              "subnet-0df21e86d98723bc7"
            ],
            "tags": {
              "key": "kubernetes.io/cluster/bmt-rat-eks",
              "value": "owned"
            },
            "tags_all": {
              "key": "kubernetes.io/cluster/bmt-rat-eks",
              "value": "owned"
            },
            "taint": [],
            "timeouts": null,
            "update_config": [
              {
                "max_unavailable": 1,
                "max_unavailable_percentage": 0
              }
            ],
            "version": "1.29"
          },
          "sensitive_attributes": [],
          "private": "eyJlMmJmYjczMC1lY2FhLTExZTYtOGY4OC0zNDM2M2JjN2M0YzAiOnsiY3JlYXRlIjozNjAwMDAwMDAwMDAwLCJkZWxldGUiOjM2MDAwMDAwMDAwMDAsInVwZGF0ZSI6MzYwMDAwMDAwMDAwMH19",
          "dependencies": [
            "aws_eks_cluster.bmt-rat-eks",
            "aws_eks_node_group.EKSNodegroup1",
            "aws_iam_role.EKSWorkerNodeRole",
            "aws_iam_role.bmtRatEKSClusterRole",
            "aws_launch_template.EKSWorkerNodeLaunchTemplateCiscoAMI",
            "aws_security_group.ControlPlaneSecurityGroup",
            "aws_subnet.PrivateSubnet01",
            "aws_subnet.PrivateSubnet02",
            "aws_subnet.PublicSubnet01",
            "aws_subnet.PublicSubnet02",
            "aws_vpc.bmt-rat-eks-VPC",
            "data.aws_availability_zones.available"
          ]
        }
      ]
    },
    {
      "mode": "managed",
      "type": "aws_iam_instance_profile",
      "name": "WorkerNodesInstanceProfile",
      "provider": "provider[\"registry.terraform.io/hashicorp/aws\"]",
      "instances": [
        {
          "schema_version": 0,
          "attributes": {
            "arn": "arn:aws:iam::733724001336:instance-profile/WorkerNodesInstanceProfile",
            "create_date": "2024-05-24T07:30:08Z",
            "id": "WorkerNodesInstanceProfile",
            "name": "WorkerNodesInstanceProfile",
            "name_prefix": "",
            "path": "/",
            "role": "AmazonEKSNodeRole",
            "tags": {},
            "tags_all": {},
            "unique_id": "AIPA2VVK3YQ4JFCMMTJ23"
          },
          "sensitive_attributes": [],
          "private": "bnVsbA=="
        }
      ]
    },
    {
      "mode": "managed",
      "type": "aws_iam_role",
      "name": "EKSWorkerNodeRole",
      "provider": "provider[\"registry.terraform.io/hashicorp/aws\"]",
      "instances": [
        {
          "schema_version": 0,
          "attributes": {
            "arn": "arn:aws:iam::733724001336:role/AmazonEKSNodeRole",
            "assume_role_policy": "{\"Statement\":[{\"Action\":\"sts:AssumeRole\",\"Effect\":\"Allow\",\"Principal\":{\"Service\":\"ec2.amazonaws.com\"}}],\"Version\":\"2012-10-17\"}",
            "create_date": "2024-05-24T07:30:08Z",
            "description": "",
            "force_detach_policies": false,
            "id": "AmazonEKSNodeRole",
            "inline_policy": [],
            "managed_policy_arns": [
              "arn:aws:iam::aws:policy/AmazonEC2ContainerRegistryReadOnly",
              "arn:aws:iam::aws:policy/AmazonEKSWorkerNodePolicy",
              "arn:aws:iam::aws:policy/AmazonEKS_CNI_Policy",
              "arn:aws:iam::aws:policy/CloudWatchLogsFullAccess"
            ],
            "max_session_duration": 3600,
            "name": "AmazonEKSNodeRole",
            "name_prefix": "",
            "path": "/",
            "permissions_boundary": "",
            "tags": {},
            "tags_all": {},
            "unique_id": "AROA2VVK3YQ4LJCEEGWVP"
          },
          "sensitive_attributes": [],
          "private": "bnVsbA=="
        }
      ]
    },
    {
      "mode": "managed",
      "type": "aws_iam_role",
      "name": "bmtRatEKSClusterRole",
      "provider": "provider[\"registry.terraform.io/hashicorp/aws\"]",
      "instances": [
        {
          "schema_version": 0,
          "attributes": {
            "arn": "arn:aws:iam::733724001336:role/bmtRatEKSClusterRole",
            "assume_role_policy": "{\"Statement\":[{\"Action\":\"sts:AssumeRole\",\"Effect\":\"Allow\",\"Principal\":{\"Service\":\"eks.amazonaws.com\"}}],\"Version\":\"2012-10-17\"}",
            "create_date": "2024-05-24T07:30:08Z",
            "description": "",
            "force_detach_policies": false,
            "id": "bmtRatEKSClusterRole",
            "inline_policy": [],
            "managed_policy_arns": [
              "arn:aws:iam::aws:policy/AmazonEKSClusterPolicy",
              "arn:aws:iam::aws:policy/AmazonEKSServicePolicy",
              "arn:aws:iam::aws:policy/AmazonEKSVPCResourceController"
            ],
            "max_session_duration": 3600,
            "name": "bmtRatEKSClusterRole",
            "name_prefix": "",
            "path": "/",
            "permissions_boundary": "",
            "tags": {},
            "tags_all": {},
            "unique_id": "AROA2VVK3YQ4NFCXLFA3J"
          },
          "sensitive_attributes": [],
          "private": "bnVsbA==",
          "create_before_destroy": true
        }
      ]
    },
    {
      "mode": "managed",
      "type": "aws_internet_gateway",
      "name": "bmt-rat-igw",
      "provider": "provider[\"registry.terraform.io/hashicorp/aws\"]",
      "instances": [
        {
          "schema_version": 0,
          "attributes": {
            "arn": "arn:aws:ec2:us-east-1:733724001336:internet-gateway/igw-0e31350190cb8bfeb",
            "id": "igw-0e31350190cb8bfeb",
            "owner_id": "733724001336",
            "tags": {
              "Name": "bmt-rat-eks-igw"
            },
            "tags_all": {
              "Name": "bmt-rat-eks-igw"
            },
            "timeouts": null,
            "vpc_id": "vpc-09801b59a766972c7"
          },
          "sensitive_attributes": [],
          "private": "eyJlMmJmYjczMC1lY2FhLTExZTYtOGY4OC0zNDM2M2JjN2M0YzAiOnsiY3JlYXRlIjoxMjAwMDAwMDAwMDAwLCJkZWxldGUiOjEyMDAwMDAwMDAwMDAsInVwZGF0ZSI6MTIwMDAwMDAwMDAwMH19",
          "dependencies": [
            "aws_vpc.bmt-rat-eks-VPC"
          ]
        }
      ]
    },
    {
      "mode": "managed",
      "type": "aws_launch_template",
      "name": "EKSWorkerNodeLaunchTemplateCiscoAMI",
      "provider": "provider[\"registry.terraform.io/hashicorp/aws\"]",
      "instances": [
        {
          "schema_version": 0,
          "attributes": {
            "arn": "arn:aws:ec2:us-east-1:733724001336:launch-template/lt-0321c261f00e23edc",
            "block_device_mappings": [
              {
                "device_name": "/dev/xvda",
                "ebs": [
                  {
                    "delete_on_termination": "true",
                    "encrypted": "",
                    "iops": 0,
                    "kms_key_id": "",
                    "snapshot_id": "",
                    "throughput": 0,
                    "volume_size": 20,
                    "volume_type": "gp2"
                  }
                ],
                "no_device": "",
                "virtual_name": ""
              }
            ],
            "capacity_reservation_specification": [],
            "cpu_options": [],
            "credit_specification": [],
            "default_version": 1,
            "description": "",
            "disable_api_stop": false,
            "disable_api_termination": false,
            "ebs_optimized": "",
            "elastic_gpu_specifications": [],
            "elastic_inference_accelerator": [],
            "enclave_options": [],
            "hibernation_options": [],
            "iam_instance_profile": [],
            "id": "lt-0321c261f00e23edc",
            "image_id": "ami-0e87fae068ae8d4e0",
            "instance_initiated_shutdown_behavior": "",
            "instance_market_options": [],
            "instance_requirements": [],
            "instance_type": "t3.medium",
            "kernel_id": "",
            "key_name": "eks-key",
            "latest_version": 1,
            "license_specification": [],
            "maintenance_options": [],
            "metadata_options": [
              {
                "http_endpoint": "",
                "http_protocol_ipv6": "",
                "http_put_response_hop_limit": 2,
                "http_tokens": "",
                "instance_metadata_tags": ""
              }
            ],
            "monitoring": [],
            "name": "bmt-rat-eks-node-launch-template",
            "name_prefix": "",
            "network_interfaces": [
              {
                "associate_carrier_ip_address": "",
                "associate_public_ip_address": "",
                "delete_on_termination": "",
                "description": "",
                "device_index": 0,
                "interface_type": "",
                "ipv4_address_count": 0,
                "ipv4_addresses": [],
                "ipv4_prefix_count": 0,
                "ipv4_prefixes": [],
                "ipv6_address_count": 0,
                "ipv6_addresses": [],
                "ipv6_prefix_count": 0,
                "ipv6_prefixes": [],
                "network_card_index": 0,
                "network_interface_id": "",
                "private_ip_address": "",
                "security_groups": [
                  "sg-086f675b0dffe989d"
                ],
                "subnet_id": ""
              }
            ],
            "placement": [],
            "private_dns_name_options": [],
            "ram_disk_id": "",
            "security_group_names": [],
            "tag_specifications": [],
            "tags": {},
            "tags_all": {},
            "update_default_version": null,
            "user_data": "TUlNRS1WZXJzaW9uOiAxLjANCkNvbnRlbnQtVHlwZTogbXVsdGlwYXJ0L21peGVkOyBib3VuZGFyeT0iPT1NWUJPVU5EQVJZPT0iDQoNCi0tPT1NWUJPVU5EQVJZPT0NCkNvbnRlbnQtVHlwZTogdGV4dC94LXNoZWxsc2NyaXB0OyBjaGFyc2V0PSJ1cy1hc2NpaSINCg0KIyEvYmluL2Jhc2ggLXhlDQovZXRjL2Vrcy9ib290c3RyYXAuc2ggJ2JtdC1yYXQtZWtzJyAtLWFwaXNlcnZlci1lbmRwb2ludCAnaHR0cHM6Ly8wQUJERDYyQUIwQ0M4REQ5MTY3NzA5RUNEMjYwQURDMS5zazEudXMtZWFzdC0xLmVrcy5hbWF6b25hd3MuY29tJyAtLWI2NC1jbHVzdGVyLWNhICdMUzB0TFMxQ1JVZEpUaUJEUlZKVVNVWkpRMEZVUlMwdExTMHRDazFKU1VSQ1ZFTkRRV1V5WjBGM1NVSkJaMGxKUW5NeFFtZHFiWEZUVjI5M1JGRlpTa3R2V2tsb2RtTk9RVkZGVEVKUlFYZEdWRVZVVFVKRlIwRXhWVVVLUVhoTlMyRXpWbWxhV0VwMVdsaFNiR042UVdWR2R6QjVUa1JCTVUxcVVYZE9lazEzVFhwR1lVWjNNSHBPUkVFeFRXcEpkMDU2VFRGTmVrWmhUVUpWZUFwRmVrRlNRbWRPVmtKQlRWUkRiWFF4V1cxV2VXSnRWakJhV0UxM1oyZEZhVTFCTUVkRFUzRkhVMGxpTTBSUlJVSkJVVlZCUVRSSlFrUjNRWGRuWjBWTENrRnZTVUpCVVVSTU0wbE9ibFpTWVROUVpIUjNOVlpEVm1Sa1ltczNaVlZrTjBjclQwWnBORGMxVTNaeGRsbE1PV1phVG5ORk5VVlhkMDlOWjFwS1ZWY0tRa1J0TVU1amExUllOV0ZwYVVGRVVFZE1TbE5STldsb2NqTlNRVGs1UlZKeGFEUXlRM2x2T1ZkVGFXUmFTRmd2SzFCclVrczJlWFYwTW1OdVdVRk9lUXBVWTA4d1pVeFJlblZoTHpoU1RrNUtXRGR0ZUhkeWVsbG5WMlkwU0dWd1pqVjJOV1ppTjBSS1ZFWTFWaTlYVVRONmMwZFpUMVZtZGpFeE4wWjVjVFl3Q2pFd1JHWkZkMDQyVVN0RlNFWktOa3QxVWtadWRtNUNURTV1Ym5CUU9URjNUR2x2ZFZkelNEVlZXbkZ3UzJkRFRIVkZXSFp4YjNCQ2VERkRTekJ1Y0RZS01WUk1jVU4wVjNGbFVYQjBNbGxUY0RGTVNYbFljRzgzV1RKb1VrTlNTelp6Ym1sU1IwNWtTREpMTm1sVlRGTm1SVWxDTTIwMmVYQjFXa1J4TDNCdVJ3cFFTazlSZEUxc04yMWlkRkI0ZWxvMWFrOXFhbEpaTkhGcVNrdzFRV2ROUWtGQlIycFhWRUpZVFVFMFIwRXhWV1JFZDBWQ0wzZFJSVUYzU1VOd1JFRlFDa0puVGxaSVVrMUNRV1k0UlVKVVFVUkJVVWd2VFVJd1IwRXhWV1JFWjFGWFFrSlVhbWQ2TTBkNlJEaExTVUpUVmt4bE4zTmlVVFo0YkZsRWIydEVRVllLUW1kT1ZraFNSVVZFYWtGTloyZHdjbVJYU214amJUVnNaRWRXZWsxQk1FZERVM0ZIVTBsaU0wUlJSVUpEZDFWQlFUUkpRa0ZSUVVaellrcGhUMWxKWmdwTWJTOTZabUp5UVcxMFRrRXhURGxIYUhWM2VVZEdaM3AxZUZJMlYzbEJNM0k1WVhWNWFuSXdNV3RhTW05VVRFMXZiMEZXTjBGdFdtTlphelpDTW5WQ0NuSldkVlE0UzFkYVNYWk1jRlpVTms1RU1VTnJNMkl5V2xvNFZqZDFXSFZETUdwSVNXWnhWWGRCWkVGNGFtMXNRbkJqV1doS1kwUmlNMHBqVEZORVluSUtlRTVIVURaT0sxaElUSEp3WkVVNWREVk9aSEI2WW5adGRsTlZiMXBOVGxkNk5WUmFTV1YwWm14VVowcFhVREpKU1hWc2JXRm9hV1pOU20wNFRXcGhXZ3BMTjNSMGJXSnhhMVZQWmxGeFdtVk1kSFpuVG5KWlFsSkZPWFpHV25oUGVsWkJhWFFyU25BdlkyaFhXVEozZFRaeFFqaFBXbkZJUVUxRUwzRnpjbTkwQ2tKVFptOU1iR0ZDZEZwdGFXNXRNalJXTlVSS1J6SlNRMVJHVTI1bVRVZDVOelZzWkZneFNXeExPQ3RIVUc1R1JGRnZLekJxVUVGeFMxZDVNM1ZNTUZvS2QyRlFOV1V4WW5sd1l6ZzBDaTB0TFMwdFJVNUVJRU5GVWxSSlJrbERRVlJGTFMwdExTMEsnIC0ta3ViZWxldC1leHRyYS1hcmdzICctLW5vZGUtbGFiZWxzPWVrcy5hbWF6b25hd3MuY29tL25vZGVncm91cC1pbWFnZT1hbWktMGU4N2ZhZTA2OGFlOGQ0ZTAnIC0tZG5zLWNsdXN0ZXItaXAgMTAuMTAwLjAuMTAgLS11c2UtbWF4LXBvZHMgZmFsc2UNCi0tcmVnaW9uIHVzLWVhc3QtMSANCi0tPT1NWUJPVU5EQVJZPT0tLQ0K",
            "vpc_security_group_ids": []
          },
          "sensitive_attributes": [],
          "private": "bnVsbA==",
          "dependencies": [
            "aws_eks_cluster.bmt-rat-eks",
            "aws_iam_role.bmtRatEKSClusterRole",
            "aws_security_group.ControlPlaneSecurityGroup",
            "aws_subnet.PrivateSubnet01",
            "aws_subnet.PrivateSubnet02",
            "aws_subnet.PublicSubnet01",
            "aws_subnet.PublicSubnet02",
            "aws_vpc.bmt-rat-eks-VPC",
            "data.aws_availability_zones.available"
          ],
          "create_before_destroy": true
        }
      ]
    },
    {
      "mode": "managed",
      "type": "aws_nat_gateway",
      "name": "NatGateway01",
      "provider": "provider[\"registry.terraform.io/hashicorp/aws\"]",
      "instances": [
        {
          "schema_version": 0,
          "attributes": {
            "allocation_id": "eipalloc-0ad6aa89b1c5fa82d",
            "association_id": "eipassoc-0a72b5827448444ee",
            "connectivity_type": "public",
            "id": "nat-0011293103a60b471",
            "network_interface_id": "eni-0501608a34bb846cb",
            "private_ip": "192.168.55.97",
            "public_ip": "44.209.39.188",
            "secondary_allocation_ids": [],
            "secondary_private_ip_address_count": 0,
            "secondary_private_ip_addresses": [],
            "subnet_id": "subnet-097f62c40de3233c5",
            "tags": {
              "Name": "NatGateway01"
            },
            "tags_all": {
              "Name": "NatGateway01"
            },
            "timeouts": null
          },
          "sensitive_attributes": [],
          "private": "eyJlMmJmYjczMC1lY2FhLTExZTYtOGY4OC0zNDM2M2JjN2M0YzAiOnsiY3JlYXRlIjo2MDAwMDAwMDAwMDAsImRlbGV0ZSI6MTgwMDAwMDAwMDAwMCwidXBkYXRlIjo2MDAwMDAwMDAwMDB9fQ==",
          "dependencies": [
            "aws_eip.NatGatewayEIP1",
            "aws_internet_gateway.bmt-rat-igw",
            "aws_subnet.PublicSubnet01",
            "aws_vpc.bmt-rat-eks-VPC",
            "data.aws_availability_zones.available"
          ]
        }
      ]
    },
    {
      "mode": "managed",
      "type": "aws_nat_gateway",
      "name": "NatGateway02",
      "provider": "provider[\"registry.terraform.io/hashicorp/aws\"]",
      "instances": [
        {
          "schema_version": 0,
          "attributes": {
            "allocation_id": "eipalloc-00b6b2207015c9a03",
            "association_id": "eipassoc-09ea7c690a10a3096",
            "connectivity_type": "public",
            "id": "nat-0204505d8ea9f04ad",
            "network_interface_id": "eni-0b38386fa4b8bb547",
            "private_ip": "192.168.98.158",
            "public_ip": "34.225.219.79",
            "secondary_allocation_ids": [],
            "secondary_private_ip_address_count": 0,
            "secondary_private_ip_addresses": [],
            "subnet_id": "subnet-089bf82ba76f5c5df",
            "tags": {
              "Name": "NatGateway02"
            },
            "tags_all": {
              "Name": "NatGateway02"
            },
            "timeouts": null
          },
          "sensitive_attributes": [],
          "private": "eyJlMmJmYjczMC1lY2FhLTExZTYtOGY4OC0zNDM2M2JjN2M0YzAiOnsiY3JlYXRlIjo2MDAwMDAwMDAwMDAsImRlbGV0ZSI6MTgwMDAwMDAwMDAwMCwidXBkYXRlIjo2MDAwMDAwMDAwMDB9fQ==",
          "dependencies": [
            "aws_eip.NatGatewayEIP2",
            "aws_internet_gateway.bmt-rat-igw",
            "aws_subnet.PublicSubnet02",
            "aws_vpc.bmt-rat-eks-VPC",
            "data.aws_availability_zones.available"
          ]
        }
      ]
    },
    {
      "mode": "managed",
      "type": "aws_route_table",
      "name": "PrivateRouteTable01",
      "provider": "provider[\"registry.terraform.io/hashicorp/aws\"]",
      "instances": [
        {
          "schema_version": 0,
          "attributes": {
            "arn": "arn:aws:ec2:us-east-1:733724001336:route-table/rtb-09d5f1c3fa9ab1dd0",
            "id": "rtb-09d5f1c3fa9ab1dd0",
            "owner_id": "733724001336",
            "propagating_vgws": [],
            "route": [
              {
                "carrier_gateway_id": "",
                "cidr_block": "0.0.0.0/0",
                "core_network_arn": "",
                "destination_prefix_list_id": "",
                "egress_only_gateway_id": "",
                "gateway_id": "nat-0011293103a60b471",
                "ipv6_cidr_block": "",
                "local_gateway_id": "",
                "nat_gateway_id": "",
                "network_interface_id": "",
                "transit_gateway_id": "",
                "vpc_endpoint_id": "",
                "vpc_peering_connection_id": ""
              }
            ],
            "tags": {
              "Name": "PrivateRouteTable01"
            },
            "tags_all": {
              "Name": "PrivateRouteTable01"
            },
            "timeouts": null,
            "vpc_id": "vpc-09801b59a766972c7"
          },
          "sensitive_attributes": [],
          "private": "eyJlMmJmYjczMC1lY2FhLTExZTYtOGY4OC0zNDM2M2JjN2M0YzAiOnsiY3JlYXRlIjozMDAwMDAwMDAwMDAsImRlbGV0ZSI6MzAwMDAwMDAwMDAwLCJ1cGRhdGUiOjEyMDAwMDAwMDAwMH19",
          "dependencies": [
            "aws_eip.NatGatewayEIP1",
            "aws_internet_gateway.bmt-rat-igw",
            "aws_nat_gateway.NatGateway01",
            "aws_subnet.PublicSubnet01",
            "aws_vpc.bmt-rat-eks-VPC",
            "data.aws_availability_zones.available"
          ]
        }
      ]
    },
    {
      "mode": "managed",
      "type": "aws_route_table",
      "name": "PrivateRouteTable02",
      "provider": "provider[\"registry.terraform.io/hashicorp/aws\"]",
      "instances": [
        {
          "schema_version": 0,
          "attributes": {
            "arn": "arn:aws:ec2:us-east-1:733724001336:route-table/rtb-0084a47e4cdc705c1",
            "id": "rtb-0084a47e4cdc705c1",
            "owner_id": "733724001336",
            "propagating_vgws": [],
            "route": [
              {
                "carrier_gateway_id": "",
                "cidr_block": "0.0.0.0/0",
                "core_network_arn": "",
                "destination_prefix_list_id": "",
                "egress_only_gateway_id": "",
                "gateway_id": "nat-0204505d8ea9f04ad",
                "ipv6_cidr_block": "",
                "local_gateway_id": "",
                "nat_gateway_id": "",
                "network_interface_id": "",
                "transit_gateway_id": "",
                "vpc_endpoint_id": "",
                "vpc_peering_connection_id": ""
              }
            ],
            "tags": {
              "Name": "PrivateRouteTable02"
            },
            "tags_all": {
              "Name": "PrivateRouteTable02"
            },
            "timeouts": null,
            "vpc_id": "vpc-09801b59a766972c7"
          },
          "sensitive_attributes": [],
          "private": "eyJlMmJmYjczMC1lY2FhLTExZTYtOGY4OC0zNDM2M2JjN2M0YzAiOnsiY3JlYXRlIjozMDAwMDAwMDAwMDAsImRlbGV0ZSI6MzAwMDAwMDAwMDAwLCJ1cGRhdGUiOjEyMDAwMDAwMDAwMH19",
          "dependencies": [
            "aws_eip.NatGatewayEIP2",
            "aws_internet_gateway.bmt-rat-igw",
            "aws_nat_gateway.NatGateway02",
            "aws_subnet.PublicSubnet02",
            "aws_vpc.bmt-rat-eks-VPC",
            "data.aws_availability_zones.available"
          ]
        }
      ]
    },
    {
      "mode": "managed",
      "type": "aws_route_table",
      "name": "PublicRouteTable",
      "provider": "provider[\"registry.terraform.io/hashicorp/aws\"]",
      "instances": [
        {
          "schema_version": 0,
          "attributes": {
            "arn": "arn:aws:ec2:us-east-1:733724001336:route-table/rtb-0efdde694bc579053",
            "id": "rtb-0efdde694bc579053",
            "owner_id": "733724001336",
            "propagating_vgws": [],
            "route": [
              {
                "carrier_gateway_id": "",
                "cidr_block": "0.0.0.0/0",
                "core_network_arn": "",
                "destination_prefix_list_id": "",
                "egress_only_gateway_id": "",
                "gateway_id": "igw-0e31350190cb8bfeb",
                "ipv6_cidr_block": "",
                "local_gateway_id": "",
                "nat_gateway_id": "",
                "network_interface_id": "",
                "transit_gateway_id": "",
                "vpc_endpoint_id": "",
                "vpc_peering_connection_id": ""
              }
            ],
            "tags": {
              "Name": "PublicRouteTable"
            },
            "tags_all": {
              "Name": "PublicRouteTable"
            },
            "timeouts": null,
            "vpc_id": "vpc-09801b59a766972c7"
          },
          "sensitive_attributes": [],
          "private": "eyJlMmJmYjczMC1lY2FhLTExZTYtOGY4OC0zNDM2M2JjN2M0YzAiOnsiY3JlYXRlIjozMDAwMDAwMDAwMDAsImRlbGV0ZSI6MzAwMDAwMDAwMDAwLCJ1cGRhdGUiOjEyMDAwMDAwMDAwMH19",
          "dependencies": [
            "aws_internet_gateway.bmt-rat-igw",
            "aws_vpc.bmt-rat-eks-VPC"
          ]
        }
      ]
    },
    {
      "mode": "managed",
      "type": "aws_route_table_association",
      "name": "PrivateRoute-asso-1",
      "provider": "provider[\"registry.terraform.io/hashicorp/aws\"]",
      "instances": [
        {
          "schema_version": 0,
          "attributes": {
            "gateway_id": "",
            "id": "rtbassoc-0734592f3967c5ca1",
            "route_table_id": "rtb-09d5f1c3fa9ab1dd0",
            "subnet_id": "subnet-0df21e86d98723bc7",
            "timeouts": null
          },
          "sensitive_attributes": [],
          "private": "eyJlMmJmYjczMC1lY2FhLTExZTYtOGY4OC0zNDM2M2JjN2M0YzAiOnsiY3JlYXRlIjozMDAwMDAwMDAwMDAsImRlbGV0ZSI6MzAwMDAwMDAwMDAwLCJ1cGRhdGUiOjEyMDAwMDAwMDAwMH19",
          "dependencies": [
            "aws_eip.NatGatewayEIP1",
            "aws_internet_gateway.bmt-rat-igw",
            "aws_nat_gateway.NatGateway01",
            "aws_route_table.PrivateRouteTable01",
            "aws_subnet.PrivateSubnet01",
            "aws_subnet.PublicSubnet01",
            "aws_vpc.bmt-rat-eks-VPC",
            "data.aws_availability_zones.available"
          ]
        }
      ]
    },
    {
      "mode": "managed",
      "type": "aws_route_table_association",
      "name": "PrivateRoute-asso-2",
      "provider": "provider[\"registry.terraform.io/hashicorp/aws\"]",
      "instances": [
        {
          "schema_version": 0,
          "attributes": {
            "gateway_id": "",
            "id": "rtbassoc-0c9fe8f3d906a43db",
            "route_table_id": "rtb-0084a47e4cdc705c1",
            "subnet_id": "subnet-0978fd09cddac9b93",
            "timeouts": null
          },
          "sensitive_attributes": [],
          "private": "eyJlMmJmYjczMC1lY2FhLTExZTYtOGY4OC0zNDM2M2JjN2M0YzAiOnsiY3JlYXRlIjozMDAwMDAwMDAwMDAsImRlbGV0ZSI6MzAwMDAwMDAwMDAwLCJ1cGRhdGUiOjEyMDAwMDAwMDAwMH19",
          "dependencies": [
            "aws_eip.NatGatewayEIP2",
            "aws_internet_gateway.bmt-rat-igw",
            "aws_nat_gateway.NatGateway02",
            "aws_route_table.PrivateRouteTable02",
            "aws_subnet.PrivateSubnet02",
            "aws_subnet.PublicSubnet02",
            "aws_vpc.bmt-rat-eks-VPC",
            "data.aws_availability_zones.available"
          ]
        }
      ]
    },
    {
      "mode": "managed",
      "type": "aws_route_table_association",
      "name": "Public-Route-Asso-1",
      "provider": "provider[\"registry.terraform.io/hashicorp/aws\"]",
      "instances": [
        {
          "schema_version": 0,
          "attributes": {
            "gateway_id": "",
            "id": "rtbassoc-0f37608271ff55ff2",
            "route_table_id": "rtb-0efdde694bc579053",
            "subnet_id": "subnet-097f62c40de3233c5",
            "timeouts": null
          },
          "sensitive_attributes": [],
          "private": "eyJlMmJmYjczMC1lY2FhLTExZTYtOGY4OC0zNDM2M2JjN2M0YzAiOnsiY3JlYXRlIjozMDAwMDAwMDAwMDAsImRlbGV0ZSI6MzAwMDAwMDAwMDAwLCJ1cGRhdGUiOjEyMDAwMDAwMDAwMH19",
          "dependencies": [
            "aws_internet_gateway.bmt-rat-igw",
            "aws_route_table.PublicRouteTable",
            "aws_subnet.PublicSubnet01",
            "aws_vpc.bmt-rat-eks-VPC",
            "data.aws_availability_zones.available"
          ]
        }
      ]
    },
    {
      "mode": "managed",
      "type": "aws_route_table_association",
      "name": "Public-Route-Asso-2",
      "provider": "provider[\"registry.terraform.io/hashicorp/aws\"]",
      "instances": [
        {
          "schema_version": 0,
          "attributes": {
            "gateway_id": "",
            "id": "rtbassoc-07d0a2b8e644f6176",
            "route_table_id": "rtb-0efdde694bc579053",
            "subnet_id": "subnet-089bf82ba76f5c5df",
            "timeouts": null
          },
          "sensitive_attributes": [],
          "private": "eyJlMmJmYjczMC1lY2FhLTExZTYtOGY4OC0zNDM2M2JjN2M0YzAiOnsiY3JlYXRlIjozMDAwMDAwMDAwMDAsImRlbGV0ZSI6MzAwMDAwMDAwMDAwLCJ1cGRhdGUiOjEyMDAwMDAwMDAwMH19",
          "dependencies": [
            "aws_internet_gateway.bmt-rat-igw",
            "aws_route_table.PublicRouteTable",
            "aws_subnet.PublicSubnet02",
            "aws_vpc.bmt-rat-eks-VPC",
            "data.aws_availability_zones.available"
          ]
        }
      ]
    },
    {
      "mode": "managed",
      "type": "aws_security_group",
      "name": "ControlPlaneSecurityGroup",
      "provider": "provider[\"registry.terraform.io/hashicorp/aws\"]",
      "instances": [
        {
          "schema_version": 1,
          "attributes": {
            "arn": "arn:aws:ec2:us-east-1:733724001336:security-group/sg-086f675b0dffe989d",
            "description": "Cluster communication with worker nodes",
            "egress": [
              {
                "cidr_blocks": [
                  "0.0.0.0/0"
                ],
                "description": "allow to all",
                "from_port": 0,
                "ipv6_cidr_blocks": [],
                "prefix_list_ids": [],
                "protocol": "-1",
                "security_groups": [],
                "self": false,
                "to_port": 0
              }
            ],
            "id": "sg-086f675b0dffe989d",
            "ingress": [
              {
                "cidr_blocks": [],
                "description": "allow",
                "from_port": 0,
                "ipv6_cidr_blocks": [],
                "prefix_list_ids": [],
                "protocol": "-1",
                "security_groups": [],
                "self": true,
                "to_port": 0
              }
            ],
            "name": "ControlPlaneSecurityGroup",
            "name_prefix": "",
            "owner_id": "733724001336",
            "revoke_rules_on_delete": false,
            "tags": {
              "Name": "bmt-rat-eks-ControlPlaneSecurityGroup"
            },
            "tags_all": {
              "Name": "bmt-rat-eks-ControlPlaneSecurityGroup"
            },
            "timeouts": null,
            "vpc_id": "vpc-09801b59a766972c7"
          },
          "sensitive_attributes": [],
          "private": "eyJlMmJmYjczMC1lY2FhLTExZTYtOGY4OC0zNDM2M2JjN2M0YzAiOnsiY3JlYXRlIjo2MDAwMDAwMDAwMDAsImRlbGV0ZSI6OTAwMDAwMDAwMDAwfSwic2NoZW1hX3ZlcnNpb24iOiIxIn0=",
          "dependencies": [
            "aws_vpc.bmt-rat-eks-VPC"
          ],
          "create_before_destroy": true
        }
      ]
    },
    {
      "mode": "managed",
      "type": "aws_subnet",
      "name": "PrivateSubnet01",
      "provider": "provider[\"registry.terraform.io/hashicorp/aws\"]",
      "instances": [
        {
          "schema_version": 1,
          "attributes": {
            "arn": "arn:aws:ec2:us-east-1:733724001336:subnet/subnet-0df21e86d98723bc7",
            "assign_ipv6_address_on_creation": false,
            "availability_zone": "us-east-1a",
            "availability_zone_id": "use1-az4",
            "cidr_block": "192.168.128.0/18",
            "customer_owned_ipv4_pool": "",
            "enable_dns64": false,
            "enable_lni_at_device_index": 0,
            "enable_resource_name_dns_a_record_on_launch": false,
            "enable_resource_name_dns_aaaa_record_on_launch": false,
            "id": "subnet-0df21e86d98723bc7",
            "ipv6_cidr_block": "",
            "ipv6_cidr_block_association_id": "",
            "ipv6_native": false,
            "map_customer_owned_ip_on_launch": false,
            "map_public_ip_on_launch": false,
            "outpost_arn": "",
            "owner_id": "733724001336",
            "private_dns_hostname_type_on_launch": "ip-name",
            "tags": {
              "Name": "bmt-rat-eks-PrivateSubnet01",
              "kubernetes.io/role/internal-elb": "1"
            },
            "tags_all": {
              "Name": "bmt-rat-eks-PrivateSubnet01",
              "kubernetes.io/role/internal-elb": "1"
            },
            "timeouts": null,
            "vpc_id": "vpc-09801b59a766972c7"
          },
          "sensitive_attributes": [],
          "private": "eyJlMmJmYjczMC1lY2FhLTExZTYtOGY4OC0zNDM2M2JjN2M0YzAiOnsiY3JlYXRlIjo2MDAwMDAwMDAwMDAsImRlbGV0ZSI6MTIwMDAwMDAwMDAwMH0sInNjaGVtYV92ZXJzaW9uIjoiMSJ9",
          "dependencies": [
            "aws_vpc.bmt-rat-eks-VPC",
            "data.aws_availability_zones.available"
          ],
          "create_before_destroy": true
        }
      ]
    },
    {
      "mode": "managed",
      "type": "aws_subnet",
      "name": "PrivateSubnet02",
      "provider": "provider[\"registry.terraform.io/hashicorp/aws\"]",
      "instances": [
        {
          "schema_version": 1,
          "attributes": {
            "arn": "arn:aws:ec2:us-east-1:733724001336:subnet/subnet-0978fd09cddac9b93",
            "assign_ipv6_address_on_creation": false,
            "availability_zone": "us-east-1b",
            "availability_zone_id": "use1-az6",
            "cidr_block": "192.168.192.0/18",
            "customer_owned_ipv4_pool": "",
            "enable_dns64": false,
            "enable_lni_at_device_index": 0,
            "enable_resource_name_dns_a_record_on_launch": false,
            "enable_resource_name_dns_aaaa_record_on_launch": false,
            "id": "subnet-0978fd09cddac9b93",
            "ipv6_cidr_block": "",
            "ipv6_cidr_block_association_id": "",
            "ipv6_native": false,
            "map_customer_owned_ip_on_launch": false,
            "map_public_ip_on_launch": false,
            "outpost_arn": "",
            "owner_id": "733724001336",
            "private_dns_hostname_type_on_launch": "ip-name",
            "tags": {
              "Name": "bmt-rat-eks-PrivateSubnet02",
              "kubernetes.io/role/internal-elb": "1"
            },
            "tags_all": {
              "Name": "bmt-rat-eks-PrivateSubnet02",
              "kubernetes.io/role/internal-elb": "1"
            },
            "timeouts": null,
            "vpc_id": "vpc-09801b59a766972c7"
          },
          "sensitive_attributes": [],
          "private": "eyJlMmJmYjczMC1lY2FhLTExZTYtOGY4OC0zNDM2M2JjN2M0YzAiOnsiY3JlYXRlIjo2MDAwMDAwMDAwMDAsImRlbGV0ZSI6MTIwMDAwMDAwMDAwMH0sInNjaGVtYV92ZXJzaW9uIjoiMSJ9",
          "dependencies": [
            "aws_vpc.bmt-rat-eks-VPC",
            "data.aws_availability_zones.available"
          ],
          "create_before_destroy": true
        }
      ]
    },
    {
      "mode": "managed",
      "type": "aws_subnet",
      "name": "PublicSubnet01",
      "provider": "provider[\"registry.terraform.io/hashicorp/aws\"]",
      "instances": [
        {
          "schema_version": 1,
          "attributes": {
            "arn": "arn:aws:ec2:us-east-1:733724001336:subnet/subnet-097f62c40de3233c5",
            "assign_ipv6_address_on_creation": false,
            "availability_zone": "us-east-1a",
            "availability_zone_id": "use1-az4",
            "cidr_block": "192.168.0.0/18",
            "customer_owned_ipv4_pool": "",
            "enable_dns64": false,
            "enable_lni_at_device_index": 0,
            "enable_resource_name_dns_a_record_on_launch": false,
            "enable_resource_name_dns_aaaa_record_on_launch": false,
            "id": "subnet-097f62c40de3233c5",
            "ipv6_cidr_block": "",
            "ipv6_cidr_block_association_id": "",
            "ipv6_native": false,
            "map_customer_owned_ip_on_launch": false,
            "map_public_ip_on_launch": true,
            "outpost_arn": "",
            "owner_id": "733724001336",
            "private_dns_hostname_type_on_launch": "ip-name",
            "tags": {
              "Name": "bmt-rat-eks-PublicSubnet01",
              "kubernetes.io/role/elb": "1"
            },
            "tags_all": {
              "Name": "bmt-rat-eks-PublicSubnet01",
              "kubernetes.io/role/elb": "1"
            },
            "timeouts": null,
            "vpc_id": "vpc-09801b59a766972c7"
          },
          "sensitive_attributes": [],
          "private": "eyJlMmJmYjczMC1lY2FhLTExZTYtOGY4OC0zNDM2M2JjN2M0YzAiOnsiY3JlYXRlIjo2MDAwMDAwMDAwMDAsImRlbGV0ZSI6MTIwMDAwMDAwMDAwMH0sInNjaGVtYV92ZXJzaW9uIjoiMSJ9",
          "dependencies": [
            "aws_vpc.bmt-rat-eks-VPC",
            "data.aws_availability_zones.available"
          ],
          "create_before_destroy": true
        }
      ]
    },
    {
      "mode": "managed",
      "type": "aws_subnet",
      "name": "PublicSubnet02",
      "provider": "provider[\"registry.terraform.io/hashicorp/aws\"]",
      "instances": [
        {
          "schema_version": 1,
          "attributes": {
            "arn": "arn:aws:ec2:us-east-1:733724001336:subnet/subnet-089bf82ba76f5c5df",
            "assign_ipv6_address_on_creation": false,
            "availability_zone": "us-east-1b",
            "availability_zone_id": "use1-az6",
            "cidr_block": "192.168.64.0/18",
            "customer_owned_ipv4_pool": "",
            "enable_dns64": false,
            "enable_lni_at_device_index": 0,
            "enable_resource_name_dns_a_record_on_launch": false,
            "enable_resource_name_dns_aaaa_record_on_launch": false,
            "id": "subnet-089bf82ba76f5c5df",
            "ipv6_cidr_block": "",
            "ipv6_cidr_block_association_id": "",
            "ipv6_native": false,
            "map_customer_owned_ip_on_launch": false,
            "map_public_ip_on_launch": true,
            "outpost_arn": "",
            "owner_id": "733724001336",
            "private_dns_hostname_type_on_launch": "ip-name",
            "tags": {
              "Name": "bmt-rat-eks-PublicSubnet02",
              "kubernetes.io/role/elb": "1"
            },
            "tags_all": {
              "Name": "bmt-rat-eks-PublicSubnet02",
              "kubernetes.io/role/elb": "1"
            },
            "timeouts": null,
            "vpc_id": "vpc-09801b59a766972c7"
          },
          "sensitive_attributes": [],
          "private": "eyJlMmJmYjczMC1lY2FhLTExZTYtOGY4OC0zNDM2M2JjN2M0YzAiOnsiY3JlYXRlIjo2MDAwMDAwMDAwMDAsImRlbGV0ZSI6MTIwMDAwMDAwMDAwMH0sInNjaGVtYV92ZXJzaW9uIjoiMSJ9",
          "dependencies": [
            "aws_vpc.bmt-rat-eks-VPC",
            "data.aws_availability_zones.available"
          ],
          "create_before_destroy": true
        }
      ]
    },
    {
      "mode": "managed",
      "type": "aws_vpc",
      "name": "bmt-rat-eks-VPC",
      "provider": "provider[\"registry.terraform.io/hashicorp/aws\"]",
      "instances": [
        {
          "schema_version": 1,
          "attributes": {
            "arn": "arn:aws:ec2:us-east-1:733724001336:vpc/vpc-09801b59a766972c7",
            "assign_generated_ipv6_cidr_block": false,
            "cidr_block": "192.168.0.0/16",
            "default_network_acl_id": "acl-0625e24e4371e1584",
            "default_route_table_id": "rtb-0243627578c8c1634",
            "default_security_group_id": "sg-0e9b50ce19fcb979e",
            "dhcp_options_id": "dopt-0518e92e6a1e1cb1d",
            "enable_dns_hostnames": true,
            "enable_dns_support": true,
            "enable_network_address_usage_metrics": false,
            "id": "vpc-09801b59a766972c7",
            "instance_tenancy": "default",
            "ipv4_ipam_pool_id": null,
            "ipv4_netmask_length": null,
            "ipv6_association_id": "",
            "ipv6_cidr_block": "",
            "ipv6_cidr_block_network_border_group": "",
            "ipv6_ipam_pool_id": "",
            "ipv6_netmask_length": 0,
            "main_route_table_id": "rtb-0243627578c8c1634",
            "owner_id": "733724001336",
            "tags": {
              "Name": "bmt-rat-eks-VPC"
            },
            "tags_all": {
              "Name": "bmt-rat-eks-VPC"
            }
          },
          "sensitive_attributes": [],
          "private": "eyJzY2hlbWFfdmVyc2lvbiI6IjEifQ==",
          "create_before_destroy": true
        }
      ]
    },
    {
      "mode": "managed",
      "type": "aws_vpc_security_group_egress_rule",
      "name": "outbond_rule",
      "provider": "provider[\"registry.terraform.io/hashicorp/aws\"]",
      "instances": [
        {
          "schema_version": 0,
          "attributes": {
            "arn": "arn:aws:ec2:us-east-1:733724001336:security-group-rule/sgr-0857637dc035c0498",
            "cidr_ipv4": "0.0.0.0/0",
            "cidr_ipv6": null,
            "description": "allow to all",
            "from_port": null,
            "id": "sgr-0857637dc035c0498",
            "ip_protocol": "-1",
            "prefix_list_id": null,
            "referenced_security_group_id": null,
            "security_group_id": "sg-086f675b0dffe989d",
            "security_group_rule_id": "sgr-0857637dc035c0498",
            "tags": null,
            "tags_all": {},
            "to_port": null
          },
          "sensitive_attributes": [],
          "dependencies": [
            "aws_security_group.ControlPlaneSecurityGroup",
            "aws_vpc.bmt-rat-eks-VPC"
          ]
        }
      ]
    }
  ],
  "check_results": null
}
